{
  "version": 4,
  "terraform_version": "1.7.5",
  "serial": 8,
  "lineage": "1a448ac7-c13e-91bd-19f4-c864908b1797",
  "outputs": {},
  "resources": [
    {
      "mode": "managed",
      "type": "aws_s3_bucket_policy",
      "name": "lambda_access",
      "provider": "provider[\"registry.terraform.io/hashicorp/aws\"]",
      "instances": [
        {
          "schema_version": 0,
          "attributes": {
            "bucket": "enterprise-internal-docs-dev",
            "id": "enterprise-internal-docs-dev",
            "policy": "{\"Statement\":[{\"Action\":[\"s3:GetObject\",\"s3:PutObject\"],\"Effect\":\"Allow\",\"Principal\":{\"AWS\":\"arn:aws:iam::157259343931:role/lambda-access-role\"},\"Resource\":\"arn:aws:s3:::enterprise-internal-docs-dev/*\",\"Sid\":\"AllowLambdaAccess\"}],\"Version\":\"2012-10-17\"}"
          },
          "sensitive_attributes": [],
          "private": "bnVsbA==",
          "dependencies": [
            "module.lambda_iam_role.aws_iam_role.lambda_access",
            "module.s3_internal_docs.aws_s3_bucket.internal_docs"
          ]
        }
      ]
    },
    {
      "module": "module.lambda_iam_role",
      "mode": "managed",
      "type": "aws_iam_policy",
      "name": "s3_access_policy",
      "provider": "provider[\"registry.terraform.io/hashicorp/aws\"]",
      "instances": [
        {
          "schema_version": 0,
          "attributes": {
            "arn": "arn:aws:iam::157259343931:policy/lambda-access-role-s3-access",
            "attachment_count": 0,
            "description": "",
            "id": "arn:aws:iam::157259343931:policy/lambda-access-role-s3-access",
            "name": "lambda-access-role-s3-access",
            "name_prefix": "",
            "path": "/",
            "policy": "{\"Statement\":[{\"Action\":[\"s3:GetObject\",\"s3:PutObject\"],\"Effect\":\"Allow\",\"Resource\":\"arn:aws:s3:::enterprise-internal-docs-dev/*\"}],\"Version\":\"2012-10-17\"}",
            "policy_id": "ANPASJHLDFA5QLIISLFWZ",
            "tags": null,
            "tags_all": {}
          },
          "sensitive_attributes": [],
          "private": "bnVsbA==",
          "dependencies": [
            "module.s3_internal_docs.aws_s3_bucket.internal_docs"
          ]
        }
      ]
    },
    {
      "module": "module.lambda_iam_role",
      "mode": "managed",
      "type": "aws_iam_role",
      "name": "lambda_access",
      "provider": "provider[\"registry.terraform.io/hashicorp/aws\"]",
      "instances": [
        {
          "schema_version": 0,
          "attributes": {
            "arn": "arn:aws:iam::157259343931:role/lambda-access-role",
            "assume_role_policy": "{\"Statement\":[{\"Action\":\"sts:AssumeRole\",\"Effect\":\"Allow\",\"Principal\":{\"Service\":\"lambda.amazonaws.com\"}}],\"Version\":\"2012-10-17\"}",
            "create_date": "2025-05-21T08:48:51Z",
            "description": "",
            "force_detach_policies": false,
            "id": "lambda-access-role",
            "inline_policy": [],
            "managed_policy_arns": [],
            "max_session_duration": 3600,
            "name": "lambda-access-role",
            "name_prefix": "",
            "path": "/",
            "permissions_boundary": "",
            "tags": {
              "Name": "lambda-access-role"
            },
            "tags_all": {
              "Name": "lambda-access-role"
            },
            "unique_id": "AROASJHLDFA5X2G753OFC"
          },
          "sensitive_attributes": [],
          "private": "bnVsbA=="
        }
      ]
    },
    {
      "module": "module.lambda_iam_role",
      "mode": "managed",
      "type": "aws_iam_role_policy_attachment",
      "name": "attach_policy",
      "provider": "provider[\"registry.terraform.io/hashicorp/aws\"]",
      "instances": [
        {
          "schema_version": 0,
          "attributes": {
            "id": "lambda-access-role-20250521084857144200000001",
            "policy_arn": "arn:aws:iam::157259343931:policy/lambda-access-role-s3-access",
            "role": "lambda-access-role"
          },
          "sensitive_attributes": [],
          "private": "bnVsbA==",
          "dependencies": [
            "module.lambda_iam_role.aws_iam_policy.s3_access_policy",
            "module.lambda_iam_role.aws_iam_role.lambda_access",
            "module.s3_internal_docs.aws_s3_bucket.internal_docs"
          ]
        }
      ]
    },
    {
      "module": "module.s3_internal_docs",
      "mode": "managed",
      "type": "aws_s3_bucket",
      "name": "internal_docs",
      "provider": "provider[\"registry.terraform.io/hashicorp/aws\"]",
      "instances": [
        {
          "schema_version": 0,
          "attributes": {
            "acceleration_status": "",
            "acl": null,
            "arn": "arn:aws:s3:::enterprise-internal-docs-dev",
            "bucket": "enterprise-internal-docs-dev",
            "bucket_domain_name": "enterprise-internal-docs-dev.s3.amazonaws.com",
            "bucket_prefix": "",
            "bucket_regional_domain_name": "enterprise-internal-docs-dev.s3.us-east-1.amazonaws.com",
            "cors_rule": [],
            "force_destroy": false,
            "grant": [
              {
                "id": "ee99ce90970f4e83f516dac5f707d696a61c69beadaf9645c4f0c67c7d2a95b6",
                "permissions": [
                  "FULL_CONTROL"
                ],
                "type": "CanonicalUser",
                "uri": ""
              }
            ],
            "hosted_zone_id": "Z3AQBSTGFYJSTF",
            "id": "enterprise-internal-docs-dev",
            "lifecycle_rule": [],
            "logging": [],
            "object_lock_configuration": [],
            "object_lock_enabled": false,
            "policy": "",
            "region": "us-east-1",
            "replication_configuration": [],
            "request_payer": "BucketOwner",
            "server_side_encryption_configuration": [
              {
                "rule": [
                  {
                    "apply_server_side_encryption_by_default": [
                      {
                        "kms_master_key_id": "",
                        "sse_algorithm": "AES256"
                      }
                    ],
                    "bucket_key_enabled": false
                  }
                ]
              }
            ],
            "tags": {
              "Environment": "dev",
              "Name": "enterprise-internal-docs-dev"
            },
            "tags_all": {
              "Environment": "dev",
              "Name": "enterprise-internal-docs-dev"
            },
            "timeouts": null,
            "versioning": [
              {
                "enabled": false,
                "mfa_delete": false
              }
            ],
            "website": [],
            "website_domain": null,
            "website_endpoint": null
          },
          "sensitive_attributes": [],
          "private": "eyJlMmJmYjczMC1lY2FhLTExZTYtOGY4OC0zNDM2M2JjN2M0YzAiOnsiY3JlYXRlIjoxMjAwMDAwMDAwMDAwLCJkZWxldGUiOjM2MDAwMDAwMDAwMDAsInJlYWQiOjEyMDAwMDAwMDAwMDAsInVwZGF0ZSI6MTIwMDAwMDAwMDAwMH19"
        }
      ]
    },
    {
      "module": "module.s3_internal_docs",
      "mode": "managed",
      "type": "aws_s3_bucket_public_access_block",
      "name": "block_public_access",
      "provider": "provider[\"registry.terraform.io/hashicorp/aws\"]",
      "instances": [
        {
          "schema_version": 0,
          "attributes": {
            "block_public_acls": true,
            "block_public_policy": true,
            "bucket": "enterprise-internal-docs-dev",
            "id": "enterprise-internal-docs-dev",
            "ignore_public_acls": true,
            "restrict_public_buckets": true
          },
          "sensitive_attributes": [],
          "private": "bnVsbA==",
          "dependencies": [
            "module.s3_internal_docs.aws_s3_bucket.internal_docs"
          ]
        }
      ]
    },
    {
      "module": "module.s3_internal_docs",
      "mode": "managed",
      "type": "aws_s3_bucket_server_side_encryption_configuration",
      "name": "encryption",
      "provider": "provider[\"registry.terraform.io/hashicorp/aws\"]",
      "instances": [
        {
          "schema_version": 0,
          "attributes": {
            "bucket": "enterprise-internal-docs-dev",
            "expected_bucket_owner": "",
            "id": "enterprise-internal-docs-dev",
            "rule": [
              {
                "apply_server_side_encryption_by_default": [
                  {
                    "kms_master_key_id": "",
                    "sse_algorithm": "AES256"
                  }
                ],
                "bucket_key_enabled": null
              }
            ]
          },
          "sensitive_attributes": [],
          "private": "bnVsbA==",
          "dependencies": [
            "module.s3_internal_docs.aws_s3_bucket.internal_docs"
          ]
        }
      ]
    }
  ],
  "check_results": null
}
